{
  "requires": true,
  "lockfileVersion": 1,
  "dependencies": {
    "@types/three": {
      "version": "0.84.19",
      "resolved": "https://registry.npmjs.org/@types/three/-/three-0.84.19.tgz",
      "integrity": "sha512-5oBjFOGsJ6cvRaPQC+4S9Za5t3ng+HRr04MQJ75bn2O6W3hdxEE4jZGMCvf1br6EZUJBWHGiQV3+ta2KFQisIg==",
      "requires": {
        "@types/webvr-api": "0.0.31"
      }
    },
    "@types/webvr-api": {
      "version": "0.0.31",
      "resolved": "https://registry.npmjs.org/@types/webvr-api/-/webvr-api-0.0.31.tgz",
      "integrity": "sha1-9gYf6IoDXTSotqDFX4dYkB7IoI4="
    }
  }
}
