# This file is automatically @generated by Cargo.
# It is not intended for manual editing.
version = 3

[[package]]
name = "bincode"
version = "0.5.1"
source = "registry+https://github.com/rust-lang/crates.io-index"
checksum = "390e733a165bbae27feef191e6087d7409783adfdbc11101589a2f64d06584ad"
dependencies = [
 "byteorder 0.4.2",
 "num",
 "rustc-serialize",
 "serde",
]

[[package]]
name = "bitflags"
version = "0.3.3"
source = "registry+https://github.com/rust-lang/crates.io-index"
checksum = "32866f4d103c4e438b1db1158aa1b1a80ee078e5d77a59a2f906fd62a577389c"

[[package]]
name = "byteorder"
version = "0.4.2"
source = "registry+https://github.com/rust-lang/crates.io-index"
checksum = "96c8b41881888cc08af32d47ac4edd52bc7fa27fef774be47a92443756451304"

[[package]]
name = "byteorder"
version = "0.5.1"
source = "registry+https://github.com/rust-lang/crates.io-index"
checksum = "e4ca3a1755927e5b00c3fe43250053b957b5c074d9f17782b88ef7aa0fb4dfe2"

[[package]]
name = "bytes"
version = "0.3.0"
source = "registry+https://github.com/rust-lang/crates.io-index"
checksum = "c129aff112dcc562970abb69e2508b40850dd24c274761bb50fb8a0067ba6c27"

[[package]]
name = "cfg-if"
version = "0.1.0"
source = "registry+https://github.com/rust-lang/crates.io-index"
checksum = "de1e760d7b6535af4241fca8bd8adf68e2e7edacc6b29f5d399050c5e48cf88c"

[[package]]
name = "httparse"
version = "1.1.2"
source = "registry+https://github.com/rust-lang/crates.io-index"
checksum = "46534074dbb80b070d60a5cb8ecadd8963a00a438ae1a95268850a7ef73b67ae"

[[package]]
name = "kernel32-sys"
version = "0.2.1"
source = "registry+https://github.com/rust-lang/crates.io-index"
checksum = "b5b5e7edf375e6d26243bde172f1d5ed1446f4a766fc9b7006e1fd27258243f1"
dependencies = [
 "winapi 0.2.6",
 "winapi-build",
]

[[package]]
name = "libc"
version = "0.1.12"
source = "registry+https://github.com/rust-lang/crates.io-index"
checksum = "e32a70cf75e5846d53a673923498228bbec6a8624708a9ea5645f075d6276122"

[[package]]
name = "libc"
version = "0.2.126"
source = "registry+https://github.com/rust-lang/crates.io-index"
checksum = "349d5a591cd28b49e1d1037471617a32ddcda5731b99419008085f72d5a53836"

[[package]]
name = "log"
version = "0.3.6"
source = "registry+https://github.com/rust-lang/crates.io-index"
checksum = "ab83497bf8bf4ed2a74259c1c802351fcd67a65baa86394b6ba73c36f4838054"

[[package]]
name = "matches"
version = "0.1.2"
source = "registry+https://github.com/rust-lang/crates.io-index"
checksum = "15305656809ce5a4805b1ff2946892810992197ce1270ff79baded852187942e"

[[package]]
name = "mio"
version = "0.5.0"
source = "registry+https://github.com/rust-lang/crates.io-index"
checksum = "7b506ea50508bd30f10fd9eca67095a3f22ca63dc7c0415634cac28ff23a3faa"
dependencies = [
 "bytes",
 "libc 0.1.12",
 "log",
 "miow",
 "net2",
 "nix",
 "slab",
 "time",
 "winapi 0.2.6",
]

[[package]]
name = "miow"
version = "0.1.2"
source = "registry+https://github.com/rust-lang/crates.io-index"
checksum = "4e93d633d34b8ff65a24566d67d49703e7a5c7ac2844d6139a9fc441a799e89a"
dependencies = [
 "kernel32-sys",
 "net2",
 "winapi 0.2.6",
 "ws2_32-sys",
]

[[package]]
name = "net2"
version = "0.2.37"
source = "registry+https://github.com/rust-lang/crates.io-index"
checksum = "391630d12b68002ae1e25e8f974306474966550ad82dac6886fb8910c19568ae"
dependencies = [
 "cfg-if",
 "libc 0.2.126",
 "winapi 0.3.9",
]

[[package]]
name = "nix"
version = "0.4.2"
source = "registry+https://github.com/rust-lang/crates.io-index"
checksum = "afbbf1030ee400300c3baacae708faca40231046f20b2664b161508c7959adde"
dependencies = [
 "bitflags",
 "libc 0.1.12",
]

[[package]]
name = "num"
version = "0.1.31"
source = "registry+https://github.com/rust-lang/crates.io-index"
checksum = "be45b3e341522564415a07118d7cf44896d0919e7a1bb21d59ad82af48256324"
dependencies = [
 "rand",
 "rustc-serialize",
]

[[package]]
name = "rand"
version = "0.3.14"
source = "registry+https://github.com/rust-lang/crates.io-index"
checksum = "2791d88c6defac799c3f20d74f094ca33b9332612d9aef9078519c82e4fe04a5"
dependencies = [
 "libc 0.2.126",
]

[[package]]
name = "rustc-serialize"
version = "0.3.18"
source = "registry+https://github.com/rust-lang/crates.io-index"
checksum = "9cf81518cd579f8a9c58c0a71328bdb9be15c754181261da82583092dc8a7ff0"

[[package]]
name = "serde"
version = "0.7.0"
source = "registry+https://github.com/rust-lang/crates.io-index"
checksum = "90527ab4abff2f0608cdb1a78e2349180e1d92059f59b5a65ce2a1a15a499b73"

[[package]]
name = "sha1"
version = "0.1.1"
source = "registry+https://github.com/rust-lang/crates.io-index"
checksum = "a307a40d5834140e4213a6952483b84e9ad53bdcab918b7335a6e305e505a53c"
dependencies = [
 "byteorder 0.5.1",
]

[[package]]
name = "slab"
version = "0.1.3"
source = "registry+https://github.com/rust-lang/crates.io-index"
checksum = "d807fd58c4181bbabed77cb3b891ba9748241a552bcc5be698faaebefc54f46e"

[[package]]
name = "sprkts"
version = "0.1.0"
dependencies = [
 "bincode",
 "rustc-serialize",
 "time",
 "ws",
]

[[package]]
name = "time"
version = "0.1.35"
source = "registry+https://github.com/rust-lang/crates.io-index"
checksum = "3c7ec6d62a20df54e07ab3b78b9a3932972f4b7981de295563686849eb3989af"
dependencies = [
 "kernel32-sys",
 "libc 0.2.126",
 "winapi 0.2.6",
]

[[package]]
name = "unicode-bidi"
version = "0.2.3"
source = "registry+https://github.com/rust-lang/crates.io-index"
checksum = "c1f7ceb96afdfeedee42bade65a0d585a6a0106f681b6749c8ff4daa8df30b3f"
dependencies = [
 "matches",
]

[[package]]
name = "unicode-normalization"
version = "0.1.2"
source = "registry+https://github.com/rust-lang/crates.io-index"
checksum = "26643a2f83bac55f1976fb716c10234485f9202dcd65cfbdf9da49867b271172"

[[package]]
name = "url"
version = "0.5.7"
source = "registry+https://github.com/rust-lang/crates.io-index"
checksum = "0cfad3f2f6c8bdeca794aba1a40f5b4b38ce4994844f5feb7466a0addbf5a36d"
dependencies = [
 "matches",
 "rustc-serialize",
 "unicode-bidi",
 "unicode-normalization",
 "uuid",
]

[[package]]
name = "uuid"
version = "0.1.18"
source = "registry+https://github.com/rust-lang/crates.io-index"
checksum = "78c590b5bd79ed10aad8fb75f078a59d8db445af6c743e55c4a53227fc01c13f"
dependencies = [
 "rand",
 "rustc-serialize",
]

[[package]]
name = "winapi"
version = "0.2.6"
source = "registry+https://github.com/rust-lang/crates.io-index"
checksum = "4dfaaa8fbdaa618fa6914b59b2769d690dd7521920a18d84b42d254678dd5fd4"

[[package]]
name = "winapi"
version = "0.3.9"
source = "registry+https://github.com/rust-lang/crates.io-index"
checksum = "5c839a674fcd7a98952e593242ea400abe93992746761e38641405d28b00f419"
dependencies = [
 "winapi-i686-pc-windows-gnu",
 "winapi-x86_64-pc-windows-gnu",
]

[[package]]
name = "winapi-build"
version = "0.1.1"
source = "registry+https://github.com/rust-lang/crates.io-index"
checksum = "2d315eee3b34aca4797b2da6b13ed88266e6d612562a0c46390af8299fc699bc"

[[package]]
name = "winapi-i686-pc-windows-gnu"
version = "0.4.0"
source = "registry+https://github.com/rust-lang/crates.io-index"
checksum = "ac3b87c63620426dd9b991e5ce0329eff545bccbbb34f3be09ff6fb6ab51b7b6"

[[package]]
name = "winapi-x86_64-pc-windows-gnu"
version = "0.4.0"
source = "registry+https://github.com/rust-lang/crates.io-index"
checksum = "712e227841d057c1ee1cd2fb22fa7e5a5461ae8e48fa2ca79ec42cfc1931183f"

[[package]]
name = "ws"
version = "0.4.6"
source = "registry+https://github.com/rust-lang/crates.io-index"
checksum = "22399d7cd7b6e31debecc91c0a6337b0e79c22740aa99ef70f2fc712de5b8f9b"
dependencies = [
 "httparse",
 "log",
 "mio",
 "rand",
 "sha1",
 "url",
]

[[package]]
name = "ws2_32-sys"
version = "0.2.1"
source = "registry+https://github.com/rust-lang/crates.io-index"
checksum = "d59cefebd0c892fa2dd6de581e937301d8552cb44489cdff035c6187cb63fa5e"
dependencies = [
 "winapi 0.2.6",
 "winapi-build",
]
